
Microsoft Visual Studio Solution File, Format Version 12.00
# Visual Studio 15
VisualStudioVersion = 15.0.27130.2026
MinimumVisualStudioVersion = 10.0.40219.1
Project("{FAE04EC0-301F-11D3-BF4B-00C04F79EFBC}") = "StringCalculator", "StringCalculator\StringCalculator.csproj", "{C3161B5F-B714-4C7B-AE23-9583C9495A00}"
EndProject
Project("{FAE04EC0-301F-11D3-BF4B-00C04F79EFBC}") = "StringCalculator.Tests", "StringCalculator.Tests\StringCalculator.Tests.csproj", "{9954D2F7-A0FC-40ED-A05A-F5964F8F612B}"
EndProject
Global
	GlobalSection(SolutionConfigurationPlatforms) = preSolution
		Debug|Any CPU = Debug|Any CPU
		Release|Any CPU = Release|Any CPU
	EndGlobalSection
	GlobalSection(ProjectConfigurationPlatforms) = postSolution
		{C3161B5F-B714-4C7B-AE23-9583C9495A00}.Debug|Any CPU.ActiveCfg = Debug|Any CPU
		{C3161B5F-B714-4C7B-AE23-9583C9495A00}.Debug|Any CPU.Build.0 = Debug|Any CPU
		{C3161B5F-B714-4C7B-AE23-9583C9495A00}.Release|Any CPU.ActiveCfg = Release|Any CPU
		{C3161B5F-B714-4C7B-AE23-9583C9495A00}.Release|Any CPU.Build.0 = Release|Any CPU
		{9954D2F7-A0FC-40ED-A05A-F5964F8F612B}.Debug|Any CPU.ActiveCfg = Debug|Any CPU
		{9954D2F7-A0FC-40ED-A05A-F5964F8F612B}.Debug|Any CPU.Build.0 = Debug|Any CPU
		{9954D2F7-A0FC-40ED-A05A-F5964F8F612B}.Release|Any CPU.ActiveCfg = Release|Any CPU
		{9954D2F7-A0FC-40ED-A05A-F5964F8F612B}.Release|Any CPU.Build.0 = Release|Any CPU
	EndGlobalSection
	GlobalSection(SolutionProperties) = preSolution
		HideSolutionNode = FALSE
	EndGlobalSection
	GlobalSection(ExtensibilityGlobals) = postSolution
		SolutionGuid = {FEED10FA-2641-46BA-9E55-A821141AF375}
	EndGlobalSection
EndGlobal
